
Microsoft Visual Studio Solution File, Format Version 12.00
# Visual Studio 15
VisualStudioVersion = 15.0.28010.2036
MinimumVisualStudioVersion = 10.0.40219.1
Project("{FAE04EC0-301F-11D3-BF4B-00C04F79EFBC}") = "OnboadingTask", "OnboadingTask\OnboadingTask.csproj", "{994E124C-1FF4-48F1-A700-B356452D1761}"
EndProject
Global
	GlobalSection(SolutionConfigurationPlatforms) = preSolution
		Debug|Any CPU = Debug|Any CPU
		Release|Any CPU = Release|Any CPU
	EndGlobalSection
	GlobalSection(ProjectConfigurationPlatforms) = postSolution
		{994E124C-1FF4-48F1-A700-B356452D1761}.Debug|Any CPU.ActiveCfg = Debug|Any CPU
		{994E124C-1FF4-48F1-A700-B356452D1761}.Debug|Any CPU.Build.0 = Debug|Any CPU
		{994E124C-1FF4-48F1-A700-B356452D1761}.Release|Any CPU.ActiveCfg = Release|Any CPU
		{994E124C-1FF4-48F1-A700-B356452D1761}.Release|Any CPU.Build.0 = Release|Any CPU
	EndGlobalSection
	GlobalSection(SolutionProperties) = preSolution
		HideSolutionNode = FALSE
	EndGlobalSection
	GlobalSection(ExtensibilityGlobals) = postSolution
		SolutionGuid = {5787B6F3-F0A9-4DBF-89DE-AE41D6168DA8}
	EndGlobalSection
EndGlobal
